
Microsoft Visual Studio Solution File, Format Version 12.00
# Visual Studio Version 16
VisualStudioVersion = 16.0.31911.196
MinimumVisualStudioVersion = 10.0.40219.1
Project("{FAE04EC0-301F-11D3-BF4B-00C04F79EFBC}") = "OOP_Laba_6.5", "OOP_Laba_6.5.csproj", "{4060BD75-BC94-46B9-8819-C218F9840D16}"
EndProject
Global
	GlobalSection(SolutionConfigurationPlatforms) = preSolution
		Debug|Any CPU = Debug|Any CPU
		Release|Any CPU = Release|Any CPU
	EndGlobalSection
	GlobalSection(ProjectConfigurationPlatforms) = postSolution
		{4060BD75-BC94-46B9-8819-C218F9840D16}.Debug|Any CPU.ActiveCfg = Debug|Any CPU
		{4060BD75-BC94-46B9-8819-C218F9840D16}.Debug|Any CPU.Build.0 = Debug|Any CPU
		{4060BD75-BC94-46B9-8819-C218F9840D16}.Release|Any CPU.ActiveCfg = Release|Any CPU
		{4060BD75-BC94-46B9-8819-C218F9840D16}.Release|Any CPU.Build.0 = Release|Any CPU
	EndGlobalSection
	GlobalSection(SolutionProperties) = preSolution
		HideSolutionNode = FALSE
	EndGlobalSection
	GlobalSection(ExtensibilityGlobals) = postSolution
		SolutionGuid = {8F7C8082-E51E-4889-8BB9-A810B56CC302}
	EndGlobalSection
EndGlobal
